
Microsoft Visual Studio Solution File, Format Version 12.00
# Visual Studio Version 17
VisualStudioVersion = 17.4.33205.214
MinimumVisualStudioVersion = 10.0.40219.1
Project("{FAE04EC0-301F-11D3-BF4B-00C04F79EFBC}") = "ByteBank", "ByteBank\ByteBank.csproj", "{E01BBC5B-3EDA-4BC9-829B-1950C52E3758}"
EndProject
Global
	GlobalSection(SolutionConfigurationPlatforms) = preSolution
		Debug|Any CPU = Debug|Any CPU
		Release|Any CPU = Release|Any CPU
	EndGlobalSection
	GlobalSection(ProjectConfigurationPlatforms) = postSolution
		{E01BBC5B-3EDA-4BC9-829B-1950C52E3758}.Debug|Any CPU.ActiveCfg = Debug|Any CPU
		{E01BBC5B-3EDA-4BC9-829B-1950C52E3758}.Debug|Any CPU.Build.0 = Debug|Any CPU
		{E01BBC5B-3EDA-4BC9-829B-1950C52E3758}.Release|Any CPU.ActiveCfg = Release|Any CPU
		{E01BBC5B-3EDA-4BC9-829B-1950C52E3758}.Release|Any CPU.Build.0 = Release|Any CPU
	EndGlobalSection
	GlobalSection(SolutionProperties) = preSolution
		HideSolutionNode = FALSE
	EndGlobalSection
	GlobalSection(ExtensibilityGlobals) = postSolution
		SolutionGuid = {910ADBA7-91AB-4228-9B15-9B405992D76F}
	EndGlobalSection
EndGlobal
